
Microsoft Visual Studio Solution File, Format Version 12.00
# Visual Studio Version 16
VisualStudioVersion = 16.0.30717.126
MinimumVisualStudioVersion = 10.0.40219.1
Project("{FAE04EC0-301F-11D3-BF4B-00C04F79EFBC}") = "aoc6", "aoc6.csproj", "{2FF3E48B-73CF-4B92-A8EF-9B3C982DDB46}"
EndProject
Global
	GlobalSection(SolutionConfigurationPlatforms) = preSolution
		Debug|Any CPU = Debug|Any CPU
		Release|Any CPU = Release|Any CPU
	EndGlobalSection
	GlobalSection(ProjectConfigurationPlatforms) = postSolution
		{2FF3E48B-73CF-4B92-A8EF-9B3C982DDB46}.Debug|Any CPU.ActiveCfg = Debug|Any CPU
		{2FF3E48B-73CF-4B92-A8EF-9B3C982DDB46}.Debug|Any CPU.Build.0 = Debug|Any CPU
		{2FF3E48B-73CF-4B92-A8EF-9B3C982DDB46}.Release|Any CPU.ActiveCfg = Release|Any CPU
		{2FF3E48B-73CF-4B92-A8EF-9B3C982DDB46}.Release|Any CPU.Build.0 = Release|Any CPU
	EndGlobalSection
	GlobalSection(SolutionProperties) = preSolution
		HideSolutionNode = FALSE
	EndGlobalSection
	GlobalSection(ExtensibilityGlobals) = postSolution
		SolutionGuid = {164230EE-0916-4FC8-9575-83F47FB9EC3F}
	EndGlobalSection
EndGlobal
